// !$*UTF8*$!
{
	archiveVersion = 1;
	classes = {
	};
	objectVersion = 55;
	objects = {

/* Begin PBXBuildFile section */
		936FFE73292DB6940074A8FA /* Assets.xcassets in Resources */ = {isa = PBXBuildFile; fileRef = 93952FAC292958B700EDE3D3 /* Assets.xcassets */; };
		936FFE74292DB6950074A8FA /* Assets.xcassets in Resources */ = {isa = PBXBuildFile; fileRef = 93952FAC292958B700EDE3D3 /* Assets.xcassets */; };
		93952FA9292958B300EDE3D3 /* PokeMatchupapp.swift in Sources */ = {isa = PBXBuildFile; fileRef = 93952FA8292958B300EDE3D3 /* PokeMatchupapp.swift */; };
		93952FAB292958B300EDE3D3 /* ContentView.swift in Sources */ = {isa = PBXBuildFile; fileRef = 93952FAA292958B300EDE3D3 /* ContentView.swift */; };
		93952FAD292958B700EDE3D3 /* Assets.xcassets in Resources */ = {isa = PBXBuildFile; fileRef = 93952FAC292958B700EDE3D3 /* Assets.xcassets */; };
		93952FB0292958B700EDE3D3 /* Preview Assets.xcassets in Resources */ = {isa = PBXBuildFile; fileRef = 93952FAF292958B700EDE3D3 /* Preview Assets.xcassets */; };
		93952FB2292958B700EDE3D3 /* Persistence.swift in Sources */ = {isa = PBXBuildFile; fileRef = 93952FB1292958B700EDE3D3 /* Persistence.swift */; };
		93952FB5292958B700EDE3D3 /* Pokemon_Type_Check.xcdatamodeld in Sources */ = {isa = PBXBuildFile; fileRef = 93952FB3292958B700EDE3D3 /* Pokemon_Type_Check.xcdatamodeld */; };
		93952FBF292958B700EDE3D3 /* Pokemon_Type_CheckTests.swift in Sources */ = {isa = PBXBuildFile; fileRef = 93952FBE292958B700EDE3D3 /* Pokemon_Type_CheckTests.swift */; };
		93952FC9292958B700EDE3D3 /* Pokemon_Type_CheckUITests.swift in Sources */ = {isa = PBXBuildFile; fileRef = 93952FC8292958B700EDE3D3 /* Pokemon_Type_CheckUITests.swift */; };
		93952FCB292958B700EDE3D3 /* Pokemon_Type_CheckUITestsLaunchTests.swift in Sources */ = {isa = PBXBuildFile; fileRef = 93952FCA292958B700EDE3D3 /* Pokemon_Type_CheckUITestsLaunchTests.swift */; };
/* End PBXBuildFile section */

/* Begin PBXContainerItemProxy section */
		93952FBB292958B700EDE3D3 /* PBXContainerItemProxy */ = {
			isa = PBXContainerItemProxy;
			containerPortal = 93952F9D292958B300EDE3D3 /* Project object */;
			proxyType = 1;
			remoteGlobalIDString = 93952FA4292958B300EDE3D3;
			remoteInfo = "Pokemon Type Check";
		};
		93952FC5292958B700EDE3D3 /* PBXContainerItemProxy */ = {
			isa = PBXContainerItemProxy;
			containerPortal = 93952F9D292958B300EDE3D3 /* Project object */;
			proxyType = 1;
			remoteGlobalIDString = 93952FA4292958B300EDE3D3;
			remoteInfo = "Pokemon Type Check";
		};
/* End PBXContainerItemProxy section */

/* Begin PBXFileReference section */
		93952FA5292958B300EDE3D3 /* PokeMatchup.app */ = {isa = PBXFileReference; explicitFileType = wrapper.application; includeInIndex = 0; path = PokeMatchup.app; sourceTree = BUILT_PRODUCTS_DIR; };
		93952FA8292958B300EDE3D3 /* PokeMatchupapp.swift */ = {isa = PBXFileReference; lastKnownFileType = sourcecode.swift; path = PokeMatchupapp.swift; sourceTree = "<group>"; };
		93952FAA292958B300EDE3D3 /* ContentView.swift */ = {isa = PBXFileReference; lastKnownFileType = sourcecode.swift; path = ContentView.swift; sourceTree = "<group>"; };
		93952FAC292958B700EDE3D3 /* Assets.xcassets */ = {isa = PBXFileReference; lastKnownFileType = folder.assetcatalog; name = Assets.xcassets; path = "Pokemon Type Check/Assets.xcassets"; sourceTree = SOURCE_ROOT; };
		93952FAF292958B700EDE3D3 /* Preview Assets.xcassets */ = {isa = PBXFileReference; lastKnownFileType = folder.assetcatalog; path = "Preview Assets.xcassets"; sourceTree = "<group>"; };
		93952FB1292958B700EDE3D3 /* Persistence.swift */ = {isa = PBXFileReference; lastKnownFileType = sourcecode.swift; path = Persistence.swift; sourceTree = "<group>"; };
		93952FB4292958B700EDE3D3 /* Pokemon_Type_Check.xcdatamodel */ = {isa = PBXFileReference; lastKnownFileType = wrapper.xcdatamodel; path = Pokemon_Type_Check.xcdatamodel; sourceTree = "<group>"; };
		93952FBA292958B700EDE3D3 /* PokeMatchupTests.xctest */ = {isa = PBXFileReference; explicitFileType = wrapper.cfbundle; includeInIndex = 0; path = PokeMatchupTests.xctest; sourceTree = BUILT_PRODUCTS_DIR; };
		93952FBE292958B700EDE3D3 /* Pokemon_Type_CheckTests.swift */ = {isa = PBXFileReference; lastKnownFileType = sourcecode.swift; path = Pokemon_Type_CheckTests.swift; sourceTree = "<group>"; };
		93952FC4292958B700EDE3D3 /* PokeMatchupUITests.xctest */ = {isa = PBXFileReference; explicitFileType = wrapper.cfbundle; includeInIndex = 0; path = PokeMatchupUITests.xctest; sourceTree = BUILT_PRODUCTS_DIR; };
		93952FC8292958B700EDE3D3 /* Pokemon_Type_CheckUITests.swift */ = {isa = PBXFileReference; lastKnownFileType = sourcecode.swift; path = Pokemon_Type_CheckUITests.swift; sourceTree = "<group>"; };
		93952FCA292958B700EDE3D3 /* Pokemon_Type_CheckUITestsLaunchTests.swift */ = {isa = PBXFileReference; lastKnownFileType = sourcecode.swift; path = Pokemon_Type_CheckUITestsLaunchTests.swift; sourceTree = "<group>"; };
/* End PBXFileReference section */

/* Begin PBXFrameworksBuildPhase section */
		93952FA2292958B300EDE3D3 /* Frameworks */ = {
			isa = PBXFrameworksBuildPhase;
			buildActionMask = 2147483647;
			files = (
			);
			runOnlyForDeploymentPostprocessing = 0;
		};
		93952FB7292958B700EDE3D3 /* Frameworks */ = {
			isa = PBXFrameworksBuildPhase;
			buildActionMask = 2147483647;
			files = (
			);
			runOnlyForDeploymentPostprocessing = 0;
		};
		93952FC1292958B700EDE3D3 /* Frameworks */ = {
			isa = PBXFrameworksBuildPhase;
			buildActionMask = 2147483647;
			files = (
			);
			runOnlyForDeploymentPostprocessing = 0;
		};
/* End PBXFrameworksBuildPhase section */

/* Begin PBXGroup section */
		93952F9C292958B300EDE3D3 = {
			isa = PBXGroup;
			children = (
				93952FA7292958B300EDE3D3 /* Pokemon Type Check */,
				93952FBD292958B700EDE3D3 /* Pokemon Type CheckTests */,
				93952FC7292958B700EDE3D3 /* Pokemon Type CheckUITests */,
				93952FA6292958B300EDE3D3 /* Products */,
			);
			sourceTree = "<group>";
		};
		93952FA6292958B300EDE3D3 /* Products */ = {
			isa = PBXGroup;
			children = (
				93952FA5292958B300EDE3D3 /* PokeMatchup.app */,
				93952FBA292958B700EDE3D3 /* PokeMatchupTests.xctest */,
				93952FC4292958B700EDE3D3 /* PokeMatchupUITests.xctest */,
			);
			name = Products;
			sourceTree = "<group>";
		};
		93952FA7292958B300EDE3D3 /* Pokemon Type Check */ = {
			isa = PBXGroup;
			children = (
				93952FA8292958B300EDE3D3 /* PokeMatchupapp.swift */,
				93952FAA292958B300EDE3D3 /* ContentView.swift */,
				93952FAC292958B700EDE3D3 /* Assets.xcassets */,
				93952FB1292958B700EDE3D3 /* Persistence.swift */,
				93952FB3292958B700EDE3D3 /* Pokemon_Type_Check.xcdatamodeld */,
				93952FAE292958B700EDE3D3 /* Preview Content */,
			);
			path = "Pokemon Type Check";
			sourceTree = "<group>";
		};
		93952FAE292958B700EDE3D3 /* Preview Content */ = {
			isa = PBXGroup;
			children = (
				93952FAF292958B700EDE3D3 /* Preview Assets.xcassets */,
			);
			path = "Preview Content";
			sourceTree = "<group>";
		};
		93952FBD292958B700EDE3D3 /* Pokemon Type CheckTests */ = {
			isa = PBXGroup;
			children = (
				93952FBE292958B700EDE3D3 /* Pokemon_Type_CheckTests.swift */,
			);
			path = "Pokemon Type CheckTests";
			sourceTree = "<group>";
		};
		93952FC7292958B700EDE3D3 /* Pokemon Type CheckUITests */ = {
			isa = PBXGroup;
			children = (
				93952FC8292958B700EDE3D3 /* Pokemon_Type_CheckUITests.swift */,
				93952FCA292958B700EDE3D3 /* Pokemon_Type_CheckUITestsLaunchTests.swift */,
			);
			path = "Pokemon Type CheckUITests";
			sourceTree = "<group>";
		};
/* End PBXGroup section */

/* Begin PBXNativeTarget section */
		93952FA4292958B300EDE3D3 /* PokeMatchup */ = {
			isa = PBXNativeTarget;
			buildConfigurationList = 93952FCE292958B700EDE3D3 /* Build configuration list for PBXNativeTarget "PokeMatchup" */;
			buildPhases = (
				93952FA1292958B300EDE3D3 /* Sources */,
				93952FA2292958B300EDE3D3 /* Frameworks */,
				93952FA3292958B300EDE3D3 /* Resources */,
			);
			buildRules = (
			);
			dependencies = (
			);
			name = PokeMatchup;
			productName = "Pokemon Type Check";
			productReference = 93952FA5292958B300EDE3D3 /* PokeMatchup.app */;
			productType = "com.apple.product-type.application";
		};
		93952FB9292958B700EDE3D3 /* PokeMatchupTests */ = {
			isa = PBXNativeTarget;
			buildConfigurationList = 93952FD1292958B700EDE3D3 /* Build configuration list for PBXNativeTarget "PokeMatchupTests" */;
			buildPhases = (
				93952FB6292958B700EDE3D3 /* Sources */,
				93952FB7292958B700EDE3D3 /* Frameworks */,
				93952FB8292958B700EDE3D3 /* Resources */,
			);
			buildRules = (
			);
			dependencies = (
				93952FBC292958B700EDE3D3 /* PBXTargetDependency */,
			);
			name = PokeMatchupTests;
			productName = "Pokemon Type CheckTests";
			productReference = 93952FBA292958B700EDE3D3 /* PokeMatchupTests.xctest */;
			productType = "com.apple.product-type.bundle.unit-test";
		};
		93952FC3292958B700EDE3D3 /* PokeMatchupUITests */ = {
			isa = PBXNativeTarget;
			buildConfigurationList = 93952FD4292958B700EDE3D3 /* Build configuration list for PBXNativeTarget "PokeMatchupUITests" */;
			buildPhases = (
				93952FC0292958B700EDE3D3 /* Sources */,
				93952FC1292958B700EDE3D3 /* Frameworks */,
				93952FC2292958B700EDE3D3 /* Resources */,
			);
			buildRules = (
			);
			dependencies = (
				93952FC6292958B700EDE3D3 /* PBXTargetDependency */,
			);
			name = PokeMatchupUITests;
			productName = "Pokemon Type CheckUITests";
			productReference = 93952FC4292958B700EDE3D3 /* PokeMatchupUITests.xctest */;
			productType = "com.apple.product-type.bundle.ui-testing";
		};
/* End PBXNativeTarget section */

/* Begin PBXProject section */
		93952F9D292958B300EDE3D3 /* Project object */ = {
			isa = PBXProject;
			attributes = {
				BuildIndependentTargetsInParallel = 1;
				LastSwiftUpdateCheck = 1330;
				LastUpgradeCheck = 1330;
				TargetAttributes = {
					93952FA4292958B300EDE3D3 = {
						CreatedOnToolsVersion = 13.3.1;
					};
					93952FB9292958B700EDE3D3 = {
						CreatedOnToolsVersion = 13.3.1;
						TestTargetID = 93952FA4292958B300EDE3D3;
					};
					93952FC3292958B700EDE3D3 = {
						CreatedOnToolsVersion = 13.3.1;
						TestTargetID = 93952FA4292958B300EDE3D3;
					};
				};
			};
			buildConfigurationList = 93952FA0292958B300EDE3D3 /* Build configuration list for PBXProject "PokeMatchup" */;
			compatibilityVersion = "Xcode 13.0";
			developmentRegion = en;
			hasScannedForEncodings = 0;
			knownRegions = (
				en,
				Base,
			);
			mainGroup = 93952F9C292958B300EDE3D3;
			productRefGroup = 93952FA6292958B300EDE3D3 /* Products */;
			projectDirPath = "";
			projectRoot = "";
			targets = (
				93952FA4292958B300EDE3D3 /* PokeMatchup */,
				93952FB9292958B700EDE3D3 /* PokeMatchupTests */,
				93952FC3292958B700EDE3D3 /* PokeMatchupUITests */,
			);
		};
/* End PBXProject section */

/* Begin PBXResourcesBuildPhase section */
		93952FA3292958B300EDE3D3 /* Resources */ = {
			isa = PBXResourcesBuildPhase;
			buildActionMask = 2147483647;
			files = (
				93952FB0292958B700EDE3D3 /* Preview Assets.xcassets in Resources */,
				93952FAD292958B700EDE3D3 /* Assets.xcassets in Resources */,
			);
			runOnlyForDeploymentPostprocessing = 0;
		};
		93952FB8292958B700EDE3D3 /* Resources */ = {
			isa = PBXResourcesBuildPhase;
			buildActionMask = 2147483647;
			files = (
				936FFE73292DB6940074A8FA /* Assets.xcassets in Resources */,
			);
			runOnlyForDeploymentPostprocessing = 0;
		};
		93952FC2292958B700EDE3D3 /* Resources */ = {
			isa = PBXResourcesBuildPhase;
			buildActionMask = 2147483647;
			files = (
				936FFE74292DB6950074A8FA /* Assets.xcassets in Resources */,
			);
			runOnlyForDeploymentPostprocessing = 0;
		};
/* End PBXResourcesBuildPhase section */

/* Begin PBXSourcesBuildPhase section */
		93952FA1292958B300EDE3D3 /* Sources */ = {
			isa = PBXSourcesBuildPhase;
			buildActionMask = 2147483647;
			files = (
				93952FB2292958B700EDE3D3 /* Persistence.swift in Sources */,
				93952FAB292958B300EDE3D3 /* ContentView.swift in Sources */,
				93952FB5292958B700EDE3D3 /* Pokemon_Type_Check.xcdatamodeld in Sources */,
				93952FA9292958B300EDE3D3 /* PokeMatchupapp.swift in Sources */,
			);
			runOnlyForDeploymentPostprocessing = 0;
		};
		93952FB6292958B700EDE3D3 /* Sources */ = {
			isa = PBXSourcesBuildPhase;
			buildActionMask = 2147483647;
			files = (
				93952FBF292958B700EDE3D3 /* Pokemon_Type_CheckTests.swift in Sources */,
			);
			runOnlyForDeploymentPostprocessing = 0;
		};
		93952FC0292958B700EDE3D3 /* Sources */ = {
			isa = PBXSourcesBuildPhase;
			buildActionMask = 2147483647;
			files = (
				93952FC9292958B700EDE3D3 /* Pokemon_Type_CheckUITests.swift in Sources */,
				93952FCB292958B700EDE3D3 /* Pokemon_Type_CheckUITestsLaunchTests.swift in Sources */,
			);
			runOnlyForDeploymentPostprocessing = 0;
		};
/* End PBXSourcesBuildPhase section */

/* Begin PBXTargetDependency section */
		93952FBC292958B700EDE3D3 /* PBXTargetDependency */ = {
			isa = PBXTargetDependency;
			target = 93952FA4292958B300EDE3D3 /* PokeMatchup */;
			targetProxy = 93952FBB292958B700EDE3D3 /* PBXContainerItemProxy */;
		};
		93952FC6292958B700EDE3D3 /* PBXTargetDependency */ = {
			isa = PBXTargetDependency;
			target = 93952FA4292958B300EDE3D3 /* PokeMatchup */;
			targetProxy = 93952FC5292958B700EDE3D3 /* PBXContainerItemProxy */;
		};
/* End PBXTargetDependency section */

/* Begin XCBuildConfiguration section */
		93952FCC292958B700EDE3D3 /* Debug */ = {
			isa = XCBuildConfiguration;
			buildSettings = {
				ALWAYS_SEARCH_USER_PATHS = NO;
				CLANG_ANALYZER_NONNULL = YES;
				CLANG_ANALYZER_NUMBER_OBJECT_CONVERSION = YES_AGGRESSIVE;
				CLANG_CXX_LANGUAGE_STANDARD = "gnu++17";
				CLANG_ENABLE_MODULES = YES;
				CLANG_ENABLE_OBJC_ARC = YES;
				CLANG_ENABLE_OBJC_WEAK = YES;
				CLANG_WARN_BLOCK_CAPTURE_AUTORELEASING = YES;
				CLANG_WARN_BOOL_CONVERSION = YES;
				CLANG_WARN_COMMA = YES;
				CLANG_WARN_CONSTANT_CONVERSION = YES;
				CLANG_WARN_DEPRECATED_OBJC_IMPLEMENTATIONS = YES;
				CLANG_WARN_DIRECT_OBJC_ISA_USAGE = YES_ERROR;
				CLANG_WARN_DOCUMENTATION_COMMENTS = YES;
				CLANG_WARN_EMPTY_BODY = YES;
				CLANG_WARN_ENUM_CONVERSION = YES;
				CLANG_WARN_INFINITE_RECURSION = YES;
				CLANG_WARN_INT_CONVERSION = YES;
				CLANG_WARN_NON_LITERAL_NULL_CONVERSION = YES;
				CLANG_WARN_OBJC_IMPLICIT_RETAIN_SELF = YES;
				CLANG_WARN_OBJC_LITERAL_CONVERSION = YES;
				CLANG_WARN_OBJC_ROOT_CLASS = YES_ERROR;
				CLANG_WARN_QUOTED_INCLUDE_IN_FRAMEWORK_HEADER = YES;
				CLANG_WARN_RANGE_LOOP_ANALYSIS = YES;
				CLANG_WARN_STRICT_PROTOTYPES = YES;
				CLANG_WARN_SUSPICIOUS_MOVE = YES;
				CLANG_WARN_UNGUARDED_AVAILABILITY = YES_AGGRESSIVE;
				CLANG_WARN_UNREACHABLE_CODE = YES;
				CLANG_WARN__DUPLICATE_METHOD_MATCH = YES;
				COPY_PHASE_STRIP = NO;
				DEBUG_INFORMATION_FORMAT = dwarf;
				ENABLE_STRICT_OBJC_MSGSEND = YES;
				ENABLE_TESTABILITY = YES;
				GCC_C_LANGUAGE_STANDARD = gnu11;
				GCC_DYNAMIC_NO_PIC = NO;
				GCC_NO_COMMON_BLOCKS = YES;
				GCC_OPTIMIZATION_LEVEL = 0;
				GCC_PREPROCESSOR_DEFINITIONS = (
					"DEBUG=1",
					"$(inherited)",
				);
				GCC_WARN_64_TO_32_BIT_CONVERSION = YES;
				GCC_WARN_ABOUT_RETURN_TYPE = YES_ERROR;
				GCC_WARN_UNDECLARED_SELECTOR = YES;
				GCC_WARN_UNINITIALIZED_AUTOS = YES_AGGRESSIVE;
				GCC_WARN_UNUSED_FUNCTION = YES;
				GCC_WARN_UNUSED_VARIABLE = YES;
				IPHONEOS_DEPLOYMENT_TARGET = 15.4;
				MTL_ENABLE_DEBUG_INFO = INCLUDE_SOURCE;
				MTL_FAST_MATH = YES;
				ONLY_ACTIVE_ARCH = YES;
				SDKROOT = iphoneos;
				SWIFT_ACTIVE_COMPILATION_CONDITIONS = DEBUG;
				SWIFT_OPTIMIZATION_LEVEL = "-Onone";
			};
			name = Debug;
		};
		93952FCD292958B700EDE3D3 /* Release */ = {
			isa = XCBuildConfiguration;
			buildSettings = {
				ALWAYS_SEARCH_USER_PATHS = NO;
				CLANG_ANALYZER_NONNULL = YES;
				CLANG_ANALYZER_NUMBER_OBJECT_CONVERSION = YES_AGGRESSIVE;
				CLANG_CXX_LANGUAGE_STANDARD = "gnu++17";
				CLANG_ENABLE_MODULES = YES;
				CLANG_ENABLE_OBJC_ARC = YES;
				CLANG_ENABLE_OBJC_WEAK = YES;
				CLANG_WARN_BLOCK_CAPTURE_AUTORELEASING = YES;
				CLANG_WARN_BOOL_CONVERSION = YES;
				CLANG_WARN_COMMA = YES;
				CLANG_WARN_CONSTANT_CONVERSION = YES;
				CLANG_WARN_DEPRECATED_OBJC_IMPLEMENTATIONS = YES;
				CLANG_WARN_DIRECT_OBJC_ISA_USAGE = YES_ERROR;
				CLANG_WARN_DOCUMENTATION_COMMENTS = YES;
				CLANG_WARN_EMPTY_BODY = YES;
				CLANG_WARN_ENUM_CONVERSION = YES;
				CLANG_WARN_INFINITE_RECURSION = YES;
				CLANG_WARN_INT_CONVERSION = YES;
				CLANG_WARN_NON_LITERAL_NULL_CONVERSION = YES;
				CLANG_WARN_OBJC_IMPLICIT_RETAIN_SELF = YES;
				CLANG_WARN_OBJC_LITERAL_CONVERSION = YES;
				CLANG_WARN_OBJC_ROOT_CLASS = YES_ERROR;
				CLANG_WARN_QUOTED_INCLUDE_IN_FRAMEWORK_HEADER = YES;
				CLANG_WARN_RANGE_LOOP_ANALYSIS = YES;
				CLANG_WARN_STRICT_PROTOTYPES = YES;
				CLANG_WARN_SUSPICIOUS_MOVE = YES;
				CLANG_WARN_UNGUARDED_AVAILABILITY = YES_AGGRESSIVE;
				CLANG_WARN_UNREACHABLE_CODE = YES;
				CLANG_WARN__DUPLICATE_METHOD_MATCH = YES;
				COPY_PHASE_STRIP = NO;
				DEBUG_INFORMATION_FORMAT = "dwarf-with-dsym";
				ENABLE_NS_ASSERTIONS = NO;
				ENABLE_STRICT_OBJC_MSGSEND = YES;
				GCC_C_LANGUAGE_STANDARD = gnu11;
				GCC_NO_COMMON_BLOCKS = YES;
				GCC_WARN_64_TO_32_BIT_CONVERSION = YES;
				GCC_WARN_ABOUT_RETURN_TYPE = YES_ERROR;
				GCC_WARN_UNDECLARED_SELECTOR = YES;
				GCC_WARN_UNINITIALIZED_AUTOS = YES_AGGRESSIVE;
				GCC_WARN_UNUSED_FUNCTION = YES;
				GCC_WARN_UNUSED_VARIABLE = YES;
				IPHONEOS_DEPLOYMENT_TARGET = 15.4;
				MTL_ENABLE_DEBUG_INFO = NO;
				MTL_FAST_MATH = YES;
				SDKROOT = iphoneos;
				SWIFT_COMPILATION_MODE = wholemodule;
				SWIFT_OPTIMIZATION_LEVEL = "-O";
				VALIDATE_PRODUCT = YES;
			};
			name = Release;
		};
		93952FCF292958B700EDE3D3 /* Debug */ = {
			isa = XCBuildConfiguration;
			buildSettings = {
				ASSETCATALOG_COMPILER_APPICON_NAME = AppIcon;
				ASSETCATALOG_COMPILER_GLOBAL_ACCENT_COLOR_NAME = AccentColor;
				CODE_SIGN_STYLE = Automatic;
				CURRENT_PROJECT_VERSION = 1;
				DEVELOPMENT_ASSET_PATHS = "\"Pokemon Type Check/Preview Content\"";
				DEVELOPMENT_TEAM = P8273PK6VN;
				ENABLE_PREVIEWS = YES;
				GENERATE_INFOPLIST_FILE = YES;
				INFOPLIST_KEY_CFBundleDisplayName = "PokéMatchup";
				INFOPLIST_KEY_LSApplicationCategoryType = "public.app-category.games";
				INFOPLIST_KEY_UIApplicationSceneManifest_Generation = YES;
				INFOPLIST_KEY_UIApplicationSupportsIndirectInputEvents = YES;
				INFOPLIST_KEY_UILaunchScreen_Generation = YES;
				INFOPLIST_KEY_UIStatusBarStyle = "";
				INFOPLIST_KEY_UISupportedInterfaceOrientations = UIInterfaceOrientationPortrait;
				INFOPLIST_KEY_UISupportedInterfaceOrientations_iPad = "UIInterfaceOrientationLandscapeLeft UIInterfaceOrientationLandscapeRight UIInterfaceOrientationPortrait UIInterfaceOrientationPortraitUpsideDown";
				IPHONEOS_DEPLOYMENT_TARGET = 15.0;
				LD_RUNPATH_SEARCH_PATHS = (
					"$(inherited)",
					"@executable_path/Frameworks",
				);
				MARKETING_VERSION = 1.4;
				PRODUCT_BUNDLE_IDENTIFIER = "Peterborough-Programmers.Pokematchup";
				PRODUCT_NAME = "$(TARGET_NAME)";
				SWIFT_EMIT_LOC_STRINGS = YES;
				SWIFT_VERSION = 5.0;
				TARGETED_DEVICE_FAMILY = 1;
			};
			name = Debug;
		};
		93952FD0292958B700EDE3D3 /* Release */ = {
			isa = XCBuildConfiguration;
			buildSettings = {
				ASSETCATALOG_COMPILER_APPICON_NAME = AppIcon;
				ASSETCATALOG_COMPILER_GLOBAL_ACCENT_COLOR_NAME = AccentColor;
				CODE_SIGN_STYLE = Automatic;
				CURRENT_PROJECT_VERSION = 1;
				DEVELOPMENT_ASSET_PATHS = "\"Pokemon Type Check/Preview Content\"";
				DEVELOPMENT_TEAM = P8273PK6VN;
				ENABLE_PREVIEWS = YES;
				GENERATE_INFOPLIST_FILE = YES;
				INFOPLIST_KEY_CFBundleDisplayName = "PokéMatchup";
				INFOPLIST_KEY_LSApplicationCategoryType = "public.app-category.games";
				INFOPLIST_KEY_UIApplicationSceneManifest_Generation = YES;
				INFOPLIST_KEY_UIApplicationSupportsIndirectInputEvents = YES;
				INFOPLIST_KEY_UILaunchScreen_Generation = YES;
				INFOPLIST_KEY_UIStatusBarStyle = "";
				INFOPLIST_KEY_UISupportedInterfaceOrientations = UIInterfaceOrientationPortrait;
				INFOPLIST_KEY_UISupportedInterfaceOrientations_iPad = "UIInterfaceOrientationLandscapeLeft UIInterfaceOrientationLandscapeRight UIInterfaceOrientationPortrait UIInterfaceOrientationPortraitUpsideDown";
				IPHONEOS_DEPLOYMENT_TARGET = 15.0;
				LD_RUNPATH_SEARCH_PATHS = (
					"$(inherited)",
					"@executable_path/Frameworks",
				);
				MARKETING_VERSION = 1.4;
				PRODUCT_BUNDLE_IDENTIFIER = "Peterborough-Programmers.Pokematchup";
				PRODUCT_NAME = "$(TARGET_NAME)";
				SWIFT_EMIT_LOC_STRINGS = YES;
				SWIFT_VERSION = 5.0;
				TARGETED_DEVICE_FAMILY = 1;
			};
			name = Release;
		};
		93952FD2292958B700EDE3D3 /* Debug */ = {
			isa = XCBuildConfiguration;
			buildSettings = {
				ALWAYS_EMBED_SWIFT_STANDARD_LIBRARIES = YES;
				BUNDLE_LOADER = "$(TEST_HOST)";
				CODE_SIGN_STYLE = Automatic;
				CURRENT_PROJECT_VERSION = 1;
				DEVELOPMENT_TEAM = P8273PK6VN;
				GENERATE_INFOPLIST_FILE = YES;
				IPHONEOS_DEPLOYMENT_TARGET = 15.4;
				MARKETING_VERSION = 1.0;
				PRODUCT_BUNDLE_IDENTIFIER = "Peterborough-Programmers.Pokemon-Type-CheckTests";
				PRODUCT_NAME = "$(TARGET_NAME)";
				SWIFT_EMIT_LOC_STRINGS = NO;
				SWIFT_VERSION = 5.0;
				TARGETED_DEVICE_FAMILY = "1,2";
				TEST_HOST = "$(BUILT_PRODUCTS_DIR)/PokeMatchup.app/PokeMatchup";
			};
			name = Debug;
		};
		93952FD3292958B700EDE3D3 /* Release */ = {
			isa = XCBuildConfiguration;
			buildSettings = {
				ALWAYS_EMBED_SWIFT_STANDARD_LIBRARIES = YES;
				BUNDLE_LOADER = "$(TEST_HOST)";
				CODE_SIGN_STYLE = Automatic;
				CURRENT_PROJECT_VERSION = 1;
				DEVELOPMENT_TEAM = P8273PK6VN;
				GENERATE_INFOPLIST_FILE = YES;
				IPHONEOS_DEPLOYMENT_TARGET = 15.4;
				MARKETING_VERSION = 1.0;
				PRODUCT_BUNDLE_IDENTIFIER = "Peterborough-Programmers.Pokemon-Type-CheckTests";
				PRODUCT_NAME = "$(TARGET_NAME)";
				SWIFT_EMIT_LOC_STRINGS = NO;
				SWIFT_VERSION = 5.0;
				TARGETED_DEVICE_FAMILY = "1,2";
				TEST_HOST = "$(BUILT_PRODUCTS_DIR)/PokeMatchup.app/PokeMatchup";
			};
			name = Release;
		};
		93952FD5292958B700EDE3D3 /* Debug */ = {
			isa = XCBuildConfiguration;
			buildSettings = {
				ALWAYS_EMBED_SWIFT_STANDARD_LIBRARIES = YES;
				CODE_SIGN_STYLE = Automatic;
				CURRENT_PROJECT_VERSION = 1;
				DEVELOPMENT_TEAM = P8273PK6VN;
				GENERATE_INFOPLIST_FILE = YES;
				MARKETING_VERSION = 1.0;
				PRODUCT_BUNDLE_IDENTIFIER = "Peterborough-Programmers.Pokemon-Type-CheckUITests";
				PRODUCT_NAME = "$(TARGET_NAME)";
				SWIFT_EMIT_LOC_STRINGS = NO;
				SWIFT_VERSION = 5.0;
				TARGETED_DEVICE_FAMILY = "1,2";
				TEST_TARGET_NAME = "Pokemon Type Check";
			};
			name = Debug;
		};
		93952FD6292958B700EDE3D3 /* Release */ = {
			isa = XCBuildConfiguration;
			buildSettings = {
				ALWAYS_EMBED_SWIFT_STANDARD_LIBRARIES = YES;
				CODE_SIGN_STYLE = Automatic;
				CURRENT_PROJECT_VERSION = 1;
				DEVELOPMENT_TEAM = P8273PK6VN;
				GENERATE_INFOPLIST_FILE = YES;
				MARKETING_VERSION = 1.0;
				PRODUCT_BUNDLE_IDENTIFIER = "Peterborough-Programmers.Pokemon-Type-CheckUITests";
				PRODUCT_NAME = "$(TARGET_NAME)";
				SWIFT_EMIT_LOC_STRINGS = NO;
				SWIFT_VERSION = 5.0;
				TARGETED_DEVICE_FAMILY = "1,2";
				TEST_TARGET_NAME = "Pokemon Type Check";
			};
			name = Release;
		};
/* End XCBuildConfiguration section */

/* Begin XCConfigurationList section */
		93952FA0292958B300EDE3D3 /* Build configuration list for PBXProject "PokeMatchup" */ = {
			isa = XCConfigurationList;
			buildConfigurations = (
				93952FCC292958B700EDE3D3 /* Debug */,
				93952FCD292958B700EDE3D3 /* Release */,
			);
			defaultConfigurationIsVisible = 0;
			defaultConfigurationName = Release;
		};
		93952FCE292958B700EDE3D3 /* Build configuration list for PBXNativeTarget "PokeMatchup" */ = {
			isa = XCConfigurationList;
			buildConfigurations = (
				93952FCF292958B700EDE3D3 /* Debug */,
				93952FD0292958B700EDE3D3 /* Release */,
			);
			defaultConfigurationIsVisible = 0;
			defaultConfigurationName = Release;
		};
		93952FD1292958B700EDE3D3 /* Build configuration list for PBXNativeTarget "PokeMatchupTests" */ = {
			isa = XCConfigurationList;
			buildConfigurations = (
				93952FD2292958B700EDE3D3 /* Debug */,
				93952FD3292958B700EDE3D3 /* Release */,
			);
			defaultConfigurationIsVisible = 0;
			defaultConfigurationName = Release;
		};
		93952FD4292958B700EDE3D3 /* Build configuration list for PBXNativeTarget "PokeMatchupUITests" */ = {
			isa = XCConfigurationList;
			buildConfigurations = (
				93952FD5292958B700EDE3D3 /* Debug */,
				93952FD6292958B700EDE3D3 /* Release */,
			);
			defaultConfigurationIsVisible = 0;
			defaultConfigurationName = Release;
		};
/* End XCConfigurationList section */

/* Begin XCVersionGroup section */
		93952FB3292958B700EDE3D3 /* Pokemon_Type_Check.xcdatamodeld */ = {
			isa = XCVersionGroup;
			children = (
				93952FB4292958B700EDE3D3 /* Pokemon_Type_Check.xcdatamodel */,
			);
			currentVersion = 93952FB4292958B700EDE3D3 /* Pokemon_Type_Check.xcdatamodel */;
			path = Pokemon_Type_Check.xcdatamodeld;
			sourceTree = "<group>";
			versionGroupType = wrapper.xcdatamodel;
		};
/* End XCVersionGroup section */
	};
	rootObject = 93952F9D292958B300EDE3D3 /* Project object */;
}
